
Microsoft Visual Studio Solution File, Format Version 12.00
# Visual Studio Version 16
VisualStudioVersion = 16.0.30709.64
MinimumVisualStudioVersion = 10.0.40219.1
Project("{9A19103F-16F7-4668-BE54-9A1E7A4F7556}") = "XNetCore.CEF.Runner", "XNetCore.CEF.Runner\XNetCore.CEF.Runner.csproj", "{718DDF52-0DFF-4D0E-A6E9-51F4CB115060}"
EndProject
Global
	GlobalSection(SolutionConfigurationPlatforms) = preSolution
		Debug|Any CPU = Debug|Any CPU
		Debug|x64 = Debug|x64
		Release|Any CPU = Release|Any CPU
		Release|x64 = Release|x64
	EndGlobalSection
	GlobalSection(ProjectConfigurationPlatforms) = postSolution
		{718DDF52-0DFF-4D0E-A6E9-51F4CB115060}.Debug|Any CPU.ActiveCfg = Debug|Any CPU
		{718DDF52-0DFF-4D0E-A6E9-51F4CB115060}.Debug|Any CPU.Build.0 = Debug|Any CPU
		{718DDF52-0DFF-4D0E-A6E9-51F4CB115060}.Debug|x64.ActiveCfg = Debug|x64
		{718DDF52-0DFF-4D0E-A6E9-51F4CB115060}.Debug|x64.Build.0 = Debug|x64
		{718DDF52-0DFF-4D0E-A6E9-51F4CB115060}.Release|Any CPU.ActiveCfg = Release|Any CPU
		{718DDF52-0DFF-4D0E-A6E9-51F4CB115060}.Release|Any CPU.Build.0 = Release|Any CPU
		{718DDF52-0DFF-4D0E-A6E9-51F4CB115060}.Release|x64.ActiveCfg = Release|x64
		{718DDF52-0DFF-4D0E-A6E9-51F4CB115060}.Release|x64.Build.0 = Release|x64
	EndGlobalSection
	GlobalSection(SolutionProperties) = preSolution
		HideSolutionNode = FALSE
	EndGlobalSection
	GlobalSection(ExtensibilityGlobals) = postSolution
		SolutionGuid = {BACD5E5D-D3E9-49EF-9E54-6C1E2C6F3D48}
	EndGlobalSection
EndGlobal
